// !$*UTF8*$!
{
	archiveVersion = 1;
	classes = {
	};
	objectVersion = 46;
	objects = {

/* Begin PBXBuildFile section */
		14A1B0461C495A8E00F5DCD5 /* main.m in Sources */ = {isa = PBXBuildFile; fileRef = 14A1B0451C495A8E00F5DCD5 /* main.m */; };
		14A1B0491C495A8E00F5DCD5 /* AppDelegate.m in Sources */ = {isa = PBXBuildFile; fileRef = 14A1B0481C495A8E00F5DCD5 /* AppDelegate.m */; };
		14A1B04C1C495A8E00F5DCD5 /* ViewController.m in Sources */ = {isa = PBXBuildFile; fileRef = 14A1B04B1C495A8E00F5DCD5 /* ViewController.m */; };
		14A1B04F1C495A8E00F5DCD5 /* Main.storyboard in Resources */ = {isa = PBXBuildFile; fileRef = 14A1B04D1C495A8E00F5DCD5 /* Main.storyboard */; };
		14A1B0511C495A8E00F5DCD5 /* Assets.xcassets in Resources */ = {isa = PBXBuildFile; fileRef = 14A1B0501C495A8E00F5DCD5 /* Assets.xcassets */; };
		14A1B0541C495A8E00F5DCD5 /* LaunchScreen.storyboard in Resources */ = {isa = PBXBuildFile; fileRef = 14A1B0521C495A8E00F5DCD5 /* LaunchScreen.storyboard */; };
		14A1B05F1C495A8F00F5DCD5 /* downLoad_NSThreadTests.m in Sources */ = {isa = PBXBuildFile; fileRef = 14A1B05E1C495A8F00F5DCD5 /* downLoad_NSThreadTests.m */; };
		14A1B06A1C495A8F00F5DCD5 /* downLoad_NSThreadUITests.m in Sources */ = {isa = PBXBuildFile; fileRef = 14A1B0691C495A8F00F5DCD5 /* downLoad_NSThreadUITests.m */; };
/* End PBXBuildFile section */

/* Begin PBXContainerItemProxy section */
		14A1B05B1C495A8F00F5DCD5 /* PBXContainerItemProxy */ = {
			isa = PBXContainerItemProxy;
			containerPortal = 14A1B0391C495A8E00F5DCD5 /* Project object */;
			proxyType = 1;
			remoteGlobalIDString = 14A1B0401C495A8E00F5DCD5;
			remoteInfo = downLoad_NSThread;
		};
		14A1B0661C495A8F00F5DCD5 /* PBXContainerItemProxy */ = {
			isa = PBXContainerItemProxy;
			containerPortal = 14A1B0391C495A8E00F5DCD5 /* Project object */;
			proxyType = 1;
			remoteGlobalIDString = 14A1B0401C495A8E00F5DCD5;
			remoteInfo = downLoad_NSThread;
		};
/* End PBXContainerItemProxy section */

/* Begin PBXFileReference section */
		14A1B0411C495A8E00F5DCD5 /* downLoad_NSThread.app */ = {isa = PBXFileReference; explicitFileType = wrapper.application; includeInIndex = 0; path = downLoad_NSThread.app; sourceTree = BUILT_PRODUCTS_DIR; };
		14A1B0451C495A8E00F5DCD5 /* main.m */ = {isa = PBXFileReference; lastKnownFileType = sourcecode.c.objc; path = main.m; sourceTree = "<group>"; };
		14A1B0471C495A8E00F5DCD5 /* AppDelegate.h */ = {isa = PBXFileReference; lastKnownFileType = sourcecode.c.h; path = AppDelegate.h; sourceTree = "<group>"; };
		14A1B0481C495A8E00F5DCD5 /* AppDelegate.m */ = {isa = PBXFileReference; lastKnownFileType = sourcecode.c.objc; path = AppDelegate.m; sourceTree = "<group>"; };
		14A1B04A1C495A8E00F5DCD5 /* ViewController.h */ = {isa = PBXFileReference; lastKnownFileType = sourcecode.c.h; path = ViewController.h; sourceTree = "<group>"; };
		14A1B04B1C495A8E00F5DCD5 /* ViewController.m */ = {isa = PBXFileReference; lastKnownFileType = sourcecode.c.objc; path = ViewController.m; sourceTree = "<group>"; };
		14A1B04E1C495A8E00F5DCD5 /* Base */ = {isa = PBXFileReference; lastKnownFileType = file.storyboard; name = Base; path = Base.lproj/Main.storyboard; sourceTree = "<group>"; };
		14A1B0501C495A8E00F5DCD5 /* Assets.xcassets */ = {isa = PBXFileReference; lastKnownFileType = folder.assetcatalog; path = Assets.xcassets; sourceTree = "<group>"; };
		14A1B0531C495A8E00F5DCD5 /* Base */ = {isa = PBXFileReference; lastKnownFileType = file.storyboard; name = Base; path = Base.lproj/LaunchScreen.storyboard; sourceTree = "<group>"; };
		14A1B0551C495A8E00F5DCD5 /* Info.plist */ = {isa = PBXFileReference; lastKnownFileType = text.plist.xml; path = Info.plist; sourceTree = "<group>"; };
		14A1B05A1C495A8F00F5DCD5 /* downLoad_NSThreadTests.xctest */ = {isa = PBXFileReference; explicitFileType = wrapper.cfbundle; includeInIndex = 0; path = downLoad_NSThreadTests.xctest; sourceTree = BUILT_PRODUCTS_DIR; };
		14A1B05E1C495A8F00F5DCD5 /* downLoad_NSThreadTests.m */ = {isa = PBXFileReference; lastKnownFileType = sourcecode.c.objc; path = downLoad_NSThreadTests.m; sourceTree = "<group>"; };
		14A1B0601C495A8F00F5DCD5 /* Info.plist */ = {isa = PBXFileReference; lastKnownFileType = text.plist.xml; path = Info.plist; sourceTree = "<group>"; };
		14A1B0651C495A8F00F5DCD5 /* downLoad_NSThreadUITests.xctest */ = {isa = PBXFileReference; explicitFileType = wrapper.cfbundle; includeInIndex = 0; path = downLoad_NSThreadUITests.xctest; sourceTree = BUILT_PRODUCTS_DIR; };
		14A1B0691C495A8F00F5DCD5 /* downLoad_NSThreadUITests.m */ = {isa = PBXFileReference; lastKnownFileType = sourcecode.c.objc; path = downLoad_NSThreadUITests.m; sourceTree = "<group>"; };
		14A1B06B1C495A8F00F5DCD5 /* Info.plist */ = {isa = PBXFileReference; lastKnownFileType = text.plist.xml; path = Info.plist; sourceTree = "<group>"; };
/* End PBXFileReference section */

/* Begin PBXFrameworksBuildPhase section */
		14A1B03E1C495A8E00F5DCD5 /* Frameworks */ = {
			isa = PBXFrameworksBuildPhase;
			buildActionMask = 2147483647;
			files = (
			);
			runOnlyForDeploymentPostprocessing = 0;
		};
		14A1B0571C495A8F00F5DCD5 /* Frameworks */ = {
			isa = PBXFrameworksBuildPhase;
			buildActionMask = 2147483647;
			files = (
			);
			runOnlyForDeploymentPostprocessing = 0;
		};
		14A1B0621C495A8F00F5DCD5 /* Frameworks */ = {
			isa = PBXFrameworksBuildPhase;
			buildActionMask = 2147483647;
			files = (
			);
			runOnlyForDeploymentPostprocessing = 0;
		};
/* End PBXFrameworksBuildPhase section */

/* Begin PBXGroup section */
		14A1B0381C495A8E00F5DCD5 = {
			isa = PBXGroup;
			children = (
				14A1B0431C495A8E00F5DCD5 /* downLoad_NSThread */,
				14A1B05D1C495A8F00F5DCD5 /* downLoad_NSThreadTests */,
				14A1B0681C495A8F00F5DCD5 /* downLoad_NSThreadUITests */,
				14A1B0421C495A8E00F5DCD5 /* Products */,
			);
			sourceTree = "<group>";
		};
		14A1B0421C495A8E00F5DCD5 /* Products */ = {
			isa = PBXGroup;
			children = (
				14A1B0411C495A8E00F5DCD5 /* downLoad_NSThread.app */,
				14A1B05A1C495A8F00F5DCD5 /* downLoad_NSThreadTests.xctest */,
				14A1B0651C495A8F00F5DCD5 /* downLoad_NSThreadUITests.xctest */,
			);
			name = Products;
			sourceTree = "<group>";
		};
		14A1B0431C495A8E00F5DCD5 /* downLoad_NSThread */ = {
			isa = PBXGroup;
			children = (
				14A1B0471C495A8E00F5DCD5 /* AppDelegate.h */,
				14A1B0481C495A8E00F5DCD5 /* AppDelegate.m */,
				14A1B04A1C495A8E00F5DCD5 /* ViewController.h */,
				14A1B04B1C495A8E00F5DCD5 /* ViewController.m */,
				14A1B04D1C495A8E00F5DCD5 /* Main.storyboard */,
				14A1B0501C495A8E00F5DCD5 /* Assets.xcassets */,
				14A1B0521C495A8E00F5DCD5 /* LaunchScreen.storyboard */,
				14A1B0551C495A8E00F5DCD5 /* Info.plist */,
				14A1B0441C495A8E00F5DCD5 /* Supporting Files */,
			);
			path = downLoad_NSThread;
			sourceTree = "<group>";
		};
		14A1B0441C495A8E00F5DCD5 /* Supporting Files */ = {
			isa = PBXGroup;
			children = (
				14A1B0451C495A8E00F5DCD5 /* main.m */,
			);
			name = "Supporting Files";
			sourceTree = "<group>";
		};
		14A1B05D1C495A8F00F5DCD5 /* downLoad_NSThreadTests */ = {
			isa = PBXGroup;
			children = (
				14A1B05E1C495A8F00F5DCD5 /* downLoad_NSThreadTests.m */,
				14A1B0601C495A8F00F5DCD5 /* Info.plist */,
			);
			path = downLoad_NSThreadTests;
			sourceTree = "<group>";
		};
		14A1B0681C495A8F00F5DCD5 /* downLoad_NSThreadUITests */ = {
			isa = PBXGroup;
			children = (
				14A1B0691C495A8F00F5DCD5 /* downLoad_NSThreadUITests.m */,
				14A1B06B1C495A8F00F5DCD5 /* Info.plist */,
			);
			path = downLoad_NSThreadUITests;
			sourceTree = "<group>";
		};
/* End PBXGroup section */

/* Begin PBXNativeTarget section */
		14A1B0401C495A8E00F5DCD5 /* downLoad_NSThread */ = {
			isa = PBXNativeTarget;
			buildConfigurationList = 14A1B06E1C495A8F00F5DCD5 /* Build configuration list for PBXNativeTarget "downLoad_NSThread" */;
			buildPhases = (
				14A1B03D1C495A8E00F5DCD5 /* Sources */,
				14A1B03E1C495A8E00F5DCD5 /* Frameworks */,
				14A1B03F1C495A8E00F5DCD5 /* Resources */,
			);
			buildRules = (
			);
			dependencies = (
			);
			name = downLoad_NSThread;
			productName = downLoad_NSThread;
			productReference = 14A1B0411C495A8E00F5DCD5 /* downLoad_NSThread.app */;
			productType = "com.apple.product-type.application";
		};
		14A1B0591C495A8F00F5DCD5 /* downLoad_NSThreadTests */ = {
			isa = PBXNativeTarget;
			buildConfigurationList = 14A1B0711C495A8F00F5DCD5 /* Build configuration list for PBXNativeTarget "downLoad_NSThreadTests" */;
			buildPhases = (
				14A1B0561C495A8F00F5DCD5 /* Sources */,
				14A1B0571C495A8F00F5DCD5 /* Frameworks */,
				14A1B0581C495A8F00F5DCD5 /* Resources */,
			);
			buildRules = (
			);
			dependencies = (
				14A1B05C1C495A8F00F5DCD5 /* PBXTargetDependency */,
			);
			name = downLoad_NSThreadTests;
			productName = downLoad_NSThreadTests;
			productReference = 14A1B05A1C495A8F00F5DCD5 /* downLoad_NSThreadTests.xctest */;
			productType = "com.apple.product-type.bundle.unit-test";
		};
		14A1B0641C495A8F00F5DCD5 /* downLoad_NSThreadUITests */ = {
			isa = PBXNativeTarget;
			buildConfigurationList = 14A1B0741C495A8F00F5DCD5 /* Build configuration list for PBXNativeTarget "downLoad_NSThreadUITests" */;
			buildPhases = (
				14A1B0611C495A8F00F5DCD5 /* Sources */,
				14A1B0621C495A8F00F5DCD5 /* Frameworks */,
				14A1B0631C495A8F00F5DCD5 /* Resources */,
			);
			buildRules = (
			);
			dependencies = (
				14A1B0671C495A8F00F5DCD5 /* PBXTargetDependency */,
			);
			name = downLoad_NSThreadUITests;
			productName = downLoad_NSThreadUITests;
			productReference = 14A1B0651C495A8F00F5DCD5 /* downLoad_NSThreadUITests.xctest */;
			productType = "com.apple.product-type.bundle.ui-testing";
		};
/* End PBXNativeTarget section */

/* Begin PBXProject section */
		14A1B0391C495A8E00F5DCD5 /* Project object */ = {
			isa = PBXProject;
			attributes = {
				LastUpgradeCheck = 0720;
				ORGANIZATIONNAME = usean;
				TargetAttributes = {
					14A1B0401C495A8E00F5DCD5 = {
						CreatedOnToolsVersion = 7.2;
					};
					14A1B0591C495A8F00F5DCD5 = {
						CreatedOnToolsVersion = 7.2;
						TestTargetID = 14A1B0401C495A8E00F5DCD5;
					};
					14A1B0641C495A8F00F5DCD5 = {
						CreatedOnToolsVersion = 7.2;
						TestTargetID = 14A1B0401C495A8E00F5DCD5;
					};
				};
			};
			buildConfigurationList = 14A1B03C1C495A8E00F5DCD5 /* Build configuration list for PBXProject "downLoad_NSThread" */;
			compatibilityVersion = "Xcode 3.2";
			developmentRegion = English;
			hasScannedForEncodings = 0;
			knownRegions = (
				en,
				Base,
			);
			mainGroup = 14A1B0381C495A8E00F5DCD5;
			productRefGroup = 14A1B0421C495A8E00F5DCD5 /* Products */;
			projectDirPath = "";
			projectRoot = "";
			targets = (
				14A1B0401C495A8E00F5DCD5 /* downLoad_NSThread */,
				14A1B0591C495A8F00F5DCD5 /* downLoad_NSThreadTests */,
				14A1B0641C495A8F00F5DCD5 /* downLoad_NSThreadUITests */,
			);
		};
/* End PBXProject section */

/* Begin PBXResourcesBuildPhase section */
		14A1B03F1C495A8E00F5DCD5 /* Resources */ = {
			isa = PBXResourcesBuildPhase;
			buildActionMask = 2147483647;
			files = (
				14A1B0541C495A8E00F5DCD5 /* LaunchScreen.storyboard in Resources */,
				14A1B0511C495A8E00F5DCD5 /* Assets.xcassets in Resources */,
				14A1B04F1C495A8E00F5DCD5 /* Main.storyboard in Resources */,
			);
			runOnlyForDeploymentPostprocessing = 0;
		};
		14A1B0581C495A8F00F5DCD5 /* Resources */ = {
			isa = PBXResourcesBuildPhase;
			buildActionMask = 2147483647;
			files = (
			);
			runOnlyForDeploymentPostprocessing = 0;
		};
		14A1B0631C495A8F00F5DCD5 /* Resources */ = {
			isa = PBXResourcesBuildPhase;
			buildActionMask = 2147483647;
			files = (
			);
			runOnlyForDeploymentPostprocessing = 0;
		};
/* End PBXResourcesBuildPhase section */

/* Begin PBXSourcesBuildPhase section */
		14A1B03D1C495A8E00F5DCD5 /* Sources */ = {
			isa = PBXSourcesBuildPhase;
			buildActionMask = 2147483647;
			files = (
				14A1B04C1C495A8E00F5DCD5 /* ViewController.m in Sources */,
				14A1B0491C495A8E00F5DCD5 /* AppDelegate.m in Sources */,
				14A1B0461C495A8E00F5DCD5 /* main.m in Sources */,
			);
			runOnlyForDeploymentPostprocessing = 0;
		};
		14A1B0561C495A8F00F5DCD5 /* Sources */ = {
			isa = PBXSourcesBuildPhase;
			buildActionMask = 2147483647;
			files = (
				14A1B05F1C495A8F00F5DCD5 /* downLoad_NSThreadTests.m in Sources */,
			);
			runOnlyForDeploymentPostprocessing = 0;
		};
		14A1B0611C495A8F00F5DCD5 /* Sources */ = {
			isa = PBXSourcesBuildPhase;
			buildActionMask = 2147483647;
			files = (
				14A1B06A1C495A8F00F5DCD5 /* downLoad_NSThreadUITests.m in Sources */,
			);
			runOnlyForDeploymentPostprocessing = 0;
		};
/* End PBXSourcesBuildPhase section */

/* Begin PBXTargetDependency section */
		14A1B05C1C495A8F00F5DCD5 /* PBXTargetDependency */ = {
			isa = PBXTargetDependency;
			target = 14A1B0401C495A8E00F5DCD5 /* downLoad_NSThread */;
			targetProxy = 14A1B05B1C495A8F00F5DCD5 /* PBXContainerItemProxy */;
		};
		14A1B0671C495A8F00F5DCD5 /* PBXTargetDependency */ = {
			isa = PBXTargetDependency;
			target = 14A1B0401C495A8E00F5DCD5 /* downLoad_NSThread */;
			targetProxy = 14A1B0661C495A8F00F5DCD5 /* PBXContainerItemProxy */;
		};
/* End PBXTargetDependency section */

/* Begin PBXVariantGroup section */
		14A1B04D1C495A8E00F5DCD5 /* Main.storyboard */ = {
			isa = PBXVariantGroup;
			children = (
				14A1B04E1C495A8E00F5DCD5 /* Base */,
			);
			name = Main.storyboard;
			sourceTree = "<group>";
		};
		14A1B0521C495A8E00F5DCD5 /* LaunchScreen.storyboard */ = {
			isa = PBXVariantGroup;
			children = (
				14A1B0531C495A8E00F5DCD5 /* Base */,
			);
			name = LaunchScreen.storyboard;
			sourceTree = "<group>";
		};
/* End PBXVariantGroup section */

/* Begin XCBuildConfiguration section */
		14A1B06C1C495A8F00F5DCD5 /* Debug */ = {
			isa = XCBuildConfiguration;
			buildSettings = {
				ALWAYS_SEARCH_USER_PATHS = NO;
				CLANG_CXX_LANGUAGE_STANDARD = "gnu++0x";
				CLANG_CXX_LIBRARY = "libc++";
				CLANG_ENABLE_MODULES = YES;
				CLANG_ENABLE_OBJC_ARC = YES;
				CLANG_WARN_BOOL_CONVERSION = YES;
				CLANG_WARN_CONSTANT_CONVERSION = YES;
				CLANG_WARN_DIRECT_OBJC_ISA_USAGE = YES_ERROR;
				CLANG_WARN_EMPTY_BODY = YES;
				CLANG_WARN_ENUM_CONVERSION = YES;
				CLANG_WARN_INT_CONVERSION = YES;
				CLANG_WARN_OBJC_ROOT_CLASS = YES_ERROR;
				CLANG_WARN_UNREACHABLE_CODE = YES;
				CLANG_WARN__DUPLICATE_METHOD_MATCH = YES;
				"CODE_SIGN_IDENTITY[sdk=iphoneos*]" = "iPhone Developer";
				COPY_PHASE_STRIP = NO;
				DEBUG_INFORMATION_FORMAT = dwarf;
				ENABLE_STRICT_OBJC_MSGSEND = YES;
				ENABLE_TESTABILITY = YES;
				GCC_C_LANGUAGE_STANDARD = gnu99;
				GCC_DYNAMIC_NO_PIC = NO;
				GCC_NO_COMMON_BLOCKS = YES;
				GCC_OPTIMIZATION_LEVEL = 0;
				GCC_PREPROCESSOR_DEFINITIONS = (
					"DEBUG=1",
					"$(inherited)",
				);
				GCC_WARN_64_TO_32_BIT_CONVERSION = YES;
				GCC_WARN_ABOUT_RETURN_TYPE = YES_ERROR;
				GCC_WARN_UNDECLARED_SELECTOR = YES;
				GCC_WARN_UNINITIALIZED_AUTOS = YES_AGGRESSIVE;
				GCC_WARN_UNUSED_FUNCTION = YES;
				GCC_WARN_UNUSED_VARIABLE = YES;
				IPHONEOS_DEPLOYMENT_TARGET = 9.2;
				MTL_ENABLE_DEBUG_INFO = YES;
				ONLY_ACTIVE_ARCH = YES;
				SDKROOT = iphoneos;
			};
			name = Debug;
		};
		14A1B06D1C495A8F00F5DCD5 /* Release */ = {
			isa = XCBuildConfiguration;
			buildSettings = {
				ALWAYS_SEARCH_USER_PATHS = NO;
				CLANG_CXX_LANGUAGE_STANDARD = "gnu++0x";
				CLANG_CXX_LIBRARY = "libc++";
				CLANG_ENABLE_MODULES = YES;
				CLANG_ENABLE_OBJC_ARC = YES;
				CLANG_WARN_BOOL_CONVERSION = YES;
				CLANG_WARN_CONSTANT_CONVERSION = YES;
				CLANG_WARN_DIRECT_OBJC_ISA_USAGE = YES_ERROR;
				CLANG_WARN_EMPTY_BODY = YES;
				CLANG_WARN_ENUM_CONVERSION = YES;
				CLANG_WARN_INT_CONVERSION = YES;
				CLANG_WARN_OBJC_ROOT_CLASS = YES_ERROR;
				CLANG_WARN_UNREACHABLE_CODE = YES;
				CLANG_WARN__DUPLICATE_METHOD_MATCH = YES;
				"CODE_SIGN_IDENTITY[sdk=iphoneos*]" = "iPhone Developer";
				COPY_PHASE_STRIP = NO;
				DEBUG_INFORMATION_FORMAT = "dwarf-with-dsym";
				ENABLE_NS_ASSERTIONS = NO;
				ENABLE_STRICT_OBJC_MSGSEND = YES;
				GCC_C_LANGUAGE_STANDARD = gnu99;
				GCC_NO_COMMON_BLOCKS = YES;
				GCC_WARN_64_TO_32_BIT_CONVERSION = YES;
				GCC_WARN_ABOUT_RETURN_TYPE = YES_ERROR;
				GCC_WARN_UNDECLARED_SELECTOR = YES;
				GCC_WARN_UNINITIALIZED_AUTOS = YES_AGGRESSIVE;
				GCC_WARN_UNUSED_FUNCTION = YES;
				GCC_WARN_UNUSED_VARIABLE = YES;
				IPHONEOS_DEPLOYMENT_TARGET = 9.2;
				MTL_ENABLE_DEBUG_INFO = NO;
				SDKROOT = iphoneos;
				VALIDATE_PRODUCT = YES;
			};
			name = Release;
		};
		14A1B06F1C495A8F00F5DCD5 /* Debug */ = {
			isa = XCBuildConfiguration;
			buildSettings = {
				ASSETCATALOG_COMPILER_APPICON_NAME = AppIcon;
				INFOPLIST_FILE = downLoad_NSThread/Info.plist;
				LD_RUNPATH_SEARCH_PATHS = "$(inherited) @executable_path/Frameworks";
				PRODUCT_BUNDLE_IDENTIFIER = "net.usean.downLoad-NSThread";
				PRODUCT_NAME = "$(TARGET_NAME)";
			};
			name = Debug;
		};
		14A1B0701C495A8F00F5DCD5 /* Release */ = {
			isa = XCBuildConfiguration;
			buildSettings = {
				ASSETCATALOG_COMPILER_APPICON_NAME = AppIcon;
				INFOPLIST_FILE = downLoad_NSThread/Info.plist;
				LD_RUNPATH_SEARCH_PATHS = "$(inherited) @executable_path/Frameworks";
				PRODUCT_BUNDLE_IDENTIFIER = "net.usean.downLoad-NSThread";
				PRODUCT_NAME = "$(TARGET_NAME)";
			};
			name = Release;
		};
		14A1B0721C495A8F00F5DCD5 /* Debug */ = {
			isa = XCBuildConfiguration;
			buildSettings = {
				BUNDLE_LOADER = "$(TEST_HOST)";
				INFOPLIST_FILE = downLoad_NSThreadTests/Info.plist;
				LD_RUNPATH_SEARCH_PATHS = "$(inherited) @executable_path/Frameworks @loader_path/Frameworks";
				PRODUCT_BUNDLE_IDENTIFIER = "net.usean.downLoad-NSThreadTests";
				PRODUCT_NAME = "$(TARGET_NAME)";
				TEST_HOST = "$(BUILT_PRODUCTS_DIR)/downLoad_NSThread.app/downLoad_NSThread";
			};
			name = Debug;
		};
		14A1B0731C495A8F00F5DCD5 /* Release */ = {
			isa = XCBuildConfiguration;
			buildSettings = {
				BUNDLE_LOADER = "$(TEST_HOST)";
				INFOPLIST_FILE = downLoad_NSThreadTests/Info.plist;
				LD_RUNPATH_SEARCH_PATHS = "$(inherited) @executable_path/Frameworks @loader_path/Frameworks";
				PRODUCT_BUNDLE_IDENTIFIER = "net.usean.downLoad-NSThreadTests";
				PRODUCT_NAME = "$(TARGET_NAME)";
				TEST_HOST = "$(BUILT_PRODUCTS_DIR)/downLoad_NSThread.app/downLoad_NSThread";
			};
			name = Release;
		};
		14A1B0751C495A8F00F5DCD5 /* Debug */ = {
			isa = XCBuildConfiguration;
			buildSettings = {
				INFOPLIST_FILE = downLoad_NSThreadUITests/Info.plist;
				LD_RUNPATH_SEARCH_PATHS = "$(inherited) @executable_path/Frameworks @loader_path/Frameworks";
				PRODUCT_BUNDLE_IDENTIFIER = "net.usean.downLoad-NSThreadUITests";
				PRODUCT_NAME = "$(TARGET_NAME)";
				TEST_TARGET_NAME = downLoad_NSThread;
				USES_XCTRUNNER = YES;
			};
			name = Debug;
		};
		14A1B0761C495A8F00F5DCD5 /* Release */ = {
			isa = XCBuildConfiguration;
			buildSettings = {
				INFOPLIST_FILE = downLoad_NSThreadUITests/Info.plist;
				LD_RUNPATH_SEARCH_PATHS = "$(inherited) @executable_path/Frameworks @loader_path/Frameworks";
				PRODUCT_BUNDLE_IDENTIFIER = "net.usean.downLoad-NSThreadUITests";
				PRODUCT_NAME = "$(TARGET_NAME)";
				TEST_TARGET_NAME = downLoad_NSThread;
				USES_XCTRUNNER = YES;
			};
			name = Release;
		};
/* End XCBuildConfiguration section */

/* Begin XCConfigurationList section */
		14A1B03C1C495A8E00F5DCD5 /* Build configuration list for PBXProject "downLoad_NSThread" */ = {
			isa = XCConfigurationList;
			buildConfigurations = (
				14A1B06C1C495A8F00F5DCD5 /* Debug */,
				14A1B06D1C495A8F00F5DCD5 /* Release */,
			);
			defaultConfigurationIsVisible = 0;
			defaultConfigurationName = Release;
		};
		14A1B06E1C495A8F00F5DCD5 /* Build configuration list for PBXNativeTarget "downLoad_NSThread" */ = {
			isa = XCConfigurationList;
			buildConfigurations = (
				14A1B06F1C495A8F00F5DCD5 /* Debug */,
				14A1B0701C495A8F00F5DCD5 /* Release */,
			);
			defaultConfigurationIsVisible = 0;
		};
		14A1B0711C495A8F00F5DCD5 /* Build configuration list for PBXNativeTarget "downLoad_NSThreadTests" */ = {
			isa = XCConfigurationList;
			buildConfigurations = (
				14A1B0721C495A8F00F5DCD5 /* Debug */,
				14A1B0731C495A8F00F5DCD5 /* Release */,
			);
			defaultConfigurationIsVisible = 0;
		};
		14A1B0741C495A8F00F5DCD5 /* Build configuration list for PBXNativeTarget "downLoad_NSThreadUITests" */ = {
			isa = XCConfigurationList;
			buildConfigurations = (
				14A1B0751C495A8F00F5DCD5 /* Debug */,
				14A1B0761C495A8F00F5DCD5 /* Release */,
			);
			defaultConfigurationIsVisible = 0;
		};
/* End XCConfigurationList section */
	};
	rootObject = 14A1B0391C495A8E00F5DCD5 /* Project object */;
}
